{
    "requires": true,
    "lockfileVersion": 1,
    "dependencies": {
        "@ckeditor/ckeditor5-build-balloon": {
            "version": "12.0.0",
            "resolved": "https://registry.npmjs.org/@ckeditor/ckeditor5-build-balloon/-/ckeditor5-build-balloon-12.0.0.tgz",
            "integrity": "sha512-cyBQV5LXujobM4iYWs6CwBPumFGwiPEu6nSp3nUzoeoaxVHB6AWOLLoMH3LmwZTjVj4rVrUwQ49Ny3Bf1M3RUw=="
        }
    }
}
